
Microsoft Visual Studio Solution File, Format Version 12.00
# Visual Studio Version 16
VisualStudioVersion = 16.0.30907.101
MinimumVisualStudioVersion = 10.0.40219.1
Project("{FAE04EC0-301F-11D3-BF4B-00C04F79EFBC}") = "Sem3PAW_1063", "Sem3PAW_1063.csproj", "{457BD548-97B3-481C-B843-CD5C31E4A37C}"
EndProject
Global
	GlobalSection(SolutionConfigurationPlatforms) = preSolution
		Debug|Any CPU = Debug|Any CPU
		Release|Any CPU = Release|Any CPU
	EndGlobalSection
	GlobalSection(ProjectConfigurationPlatforms) = postSolution
		{457BD548-97B3-481C-B843-CD5C31E4A37C}.Debug|Any CPU.ActiveCfg = Debug|Any CPU
		{457BD548-97B3-481C-B843-CD5C31E4A37C}.Debug|Any CPU.Build.0 = Debug|Any CPU
		{457BD548-97B3-481C-B843-CD5C31E4A37C}.Release|Any CPU.ActiveCfg = Release|Any CPU
		{457BD548-97B3-481C-B843-CD5C31E4A37C}.Release|Any CPU.Build.0 = Release|Any CPU
	EndGlobalSection
	GlobalSection(SolutionProperties) = preSolution
		HideSolutionNode = FALSE
	EndGlobalSection
	GlobalSection(ExtensibilityGlobals) = postSolution
		SolutionGuid = {D2BD7F01-B8E6-4D9C-A161-AEC8B613E957}
	EndGlobalSection
EndGlobal
