
Microsoft Visual Studio Solution File, Format Version 12.00
# Visual Studio Version 16
VisualStudioVersion = 16.0.30907.101
MinimumVisualStudioVersion = 10.0.40219.1
Project("{FAE04EC0-301F-11D3-BF4B-00C04F79EFBC}") = "Sem2PAW_1064", "Sem2PAW_1064.csproj", "{CC28B7E3-D442-4736-821D-0614BF0DCCB8}"
EndProject
Global
	GlobalSection(SolutionConfigurationPlatforms) = preSolution
		Debug|Any CPU = Debug|Any CPU
		Release|Any CPU = Release|Any CPU
	EndGlobalSection
	GlobalSection(ProjectConfigurationPlatforms) = postSolution
		{CC28B7E3-D442-4736-821D-0614BF0DCCB8}.Debug|Any CPU.ActiveCfg = Debug|Any CPU
		{CC28B7E3-D442-4736-821D-0614BF0DCCB8}.Debug|Any CPU.Build.0 = Debug|Any CPU
		{CC28B7E3-D442-4736-821D-0614BF0DCCB8}.Release|Any CPU.ActiveCfg = Release|Any CPU
		{CC28B7E3-D442-4736-821D-0614BF0DCCB8}.Release|Any CPU.Build.0 = Release|Any CPU
	EndGlobalSection
	GlobalSection(SolutionProperties) = preSolution
		HideSolutionNode = FALSE
	EndGlobalSection
	GlobalSection(ExtensibilityGlobals) = postSolution
		SolutionGuid = {AB09D7BA-AFFE-4F31-ADF9-C01BC1FD7D78}
	EndGlobalSection
EndGlobal
