
Microsoft Visual Studio Solution File, Format Version 12.00
# Visual Studio Version 16
VisualStudioVersion = 16.0.30907.101
MinimumVisualStudioVersion = 10.0.40219.1
Project("{FAE04EC0-301F-11D3-BF4B-00C04F79EFBC}") = "Sem8PAW_1064", "Sem8PAW_1064.csproj", "{B5424CEC-6A58-458E-BB3E-CEE5A88F32D3}"
EndProject
Global
	GlobalSection(SolutionConfigurationPlatforms) = preSolution
		Debug|Any CPU = Debug|Any CPU
		Release|Any CPU = Release|Any CPU
	EndGlobalSection
	GlobalSection(ProjectConfigurationPlatforms) = postSolution
		{B5424CEC-6A58-458E-BB3E-CEE5A88F32D3}.Debug|Any CPU.ActiveCfg = Debug|Any CPU
		{B5424CEC-6A58-458E-BB3E-CEE5A88F32D3}.Debug|Any CPU.Build.0 = Debug|Any CPU
		{B5424CEC-6A58-458E-BB3E-CEE5A88F32D3}.Release|Any CPU.ActiveCfg = Release|Any CPU
		{B5424CEC-6A58-458E-BB3E-CEE5A88F32D3}.Release|Any CPU.Build.0 = Release|Any CPU
	EndGlobalSection
	GlobalSection(SolutionProperties) = preSolution
		HideSolutionNode = FALSE
	EndGlobalSection
	GlobalSection(ExtensibilityGlobals) = postSolution
		SolutionGuid = {4060275A-1CE3-45BB-A5D3-EAC2E321F292}
	EndGlobalSection
EndGlobal
